// !$*UTF8*$!
{
	archiveVersion = 1;
	classes = {
	};
	objectVersion = 50;
	objects = {

/* Begin PBXBuildFile section */
		5BACE72C22210A3900C5742A /* AppDelegate.swift in Sources */ = {isa = PBXBuildFile; fileRef = 5BACE72B22210A3900C5742A /* AppDelegate.swift */; };
		5BACE72E22210A3900C5742A /* Principal.swift in Sources */ = {isa = PBXBuildFile; fileRef = 5BACE72D22210A3900C5742A /* Principal.swift */; };
		5BACE73122210A3900C5742A /* Main.storyboard in Resources */ = {isa = PBXBuildFile; fileRef = 5BACE72F22210A3900C5742A /* Main.storyboard */; };
		5BACE73422210A3900C5742A /* Buscador_de_letras.xcdatamodeld in Sources */ = {isa = PBXBuildFile; fileRef = 5BACE73222210A3900C5742A /* Buscador_de_letras.xcdatamodeld */; };
		5BACE73622210A3C00C5742A /* Assets.xcassets in Resources */ = {isa = PBXBuildFile; fileRef = 5BACE73522210A3C00C5742A /* Assets.xcassets */; };
		5BACE73922210A3C00C5742A /* LaunchScreen.storyboard in Resources */ = {isa = PBXBuildFile; fileRef = 5BACE73722210A3C00C5742A /* LaunchScreen.storyboard */; };
		5BACE74122210C4D00C5742A /* mostrarCancion.swift in Sources */ = {isa = PBXBuildFile; fileRef = 5BACE74022210C4C00C5742A /* mostrarCancion.swift */; };
		5BACE743222210CF00C5742A /* CancionesGuardadasTableViewController.swift in Sources */ = {isa = PBXBuildFile; fileRef = 5BACE742222210CF00C5742A /* CancionesGuardadasTableViewController.swift */; };
/* End PBXBuildFile section */

/* Begin PBXFileReference section */
		5BACE72822210A3900C5742A /* Buscador de letras.app */ = {isa = PBXFileReference; explicitFileType = wrapper.application; includeInIndex = 0; path = "Buscador de letras.app"; sourceTree = BUILT_PRODUCTS_DIR; };
		5BACE72B22210A3900C5742A /* AppDelegate.swift */ = {isa = PBXFileReference; lastKnownFileType = sourcecode.swift; path = AppDelegate.swift; sourceTree = "<group>"; };
		5BACE72D22210A3900C5742A /* Principal.swift */ = {isa = PBXFileReference; lastKnownFileType = sourcecode.swift; path = Principal.swift; sourceTree = "<group>"; };
		5BACE73022210A3900C5742A /* Base */ = {isa = PBXFileReference; lastKnownFileType = file.storyboard; name = Base; path = Base.lproj/Main.storyboard; sourceTree = "<group>"; };
		5BACE73322210A3900C5742A /* Buscador_de_letras.xcdatamodel */ = {isa = PBXFileReference; lastKnownFileType = wrapper.xcdatamodel; path = Buscador_de_letras.xcdatamodel; sourceTree = "<group>"; };
		5BACE73522210A3C00C5742A /* Assets.xcassets */ = {isa = PBXFileReference; lastKnownFileType = folder.assetcatalog; path = Assets.xcassets; sourceTree = "<group>"; };
		5BACE73822210A3C00C5742A /* Base */ = {isa = PBXFileReference; lastKnownFileType = file.storyboard; name = Base; path = Base.lproj/LaunchScreen.storyboard; sourceTree = "<group>"; };
		5BACE73A22210A3C00C5742A /* Info.plist */ = {isa = PBXFileReference; lastKnownFileType = text.plist.xml; path = Info.plist; sourceTree = "<group>"; };
		5BACE74022210C4C00C5742A /* mostrarCancion.swift */ = {isa = PBXFileReference; lastKnownFileType = sourcecode.swift; path = mostrarCancion.swift; sourceTree = "<group>"; };
		5BACE742222210CF00C5742A /* CancionesGuardadasTableViewController.swift */ = {isa = PBXFileReference; lastKnownFileType = sourcecode.swift; path = CancionesGuardadasTableViewController.swift; sourceTree = "<group>"; };
/* End PBXFileReference section */

/* Begin PBXFrameworksBuildPhase section */
		5BACE72522210A3900C5742A /* Frameworks */ = {
			isa = PBXFrameworksBuildPhase;
			buildActionMask = 2147483647;
			files = (
			);
			runOnlyForDeploymentPostprocessing = 0;
		};
/* End PBXFrameworksBuildPhase section */

/* Begin PBXGroup section */
		5BACE71F22210A3900C5742A = {
			isa = PBXGroup;
			children = (
				5BACE72A22210A3900C5742A /* Buscador de letras */,
				5BACE72922210A3900C5742A /* Products */,
			);
			sourceTree = "<group>";
		};
		5BACE72922210A3900C5742A /* Products */ = {
			isa = PBXGroup;
			children = (
				5BACE72822210A3900C5742A /* Buscador de letras.app */,
			);
			name = Products;
			sourceTree = "<group>";
		};
		5BACE72A22210A3900C5742A /* Buscador de letras */ = {
			isa = PBXGroup;
			children = (
				5BACE72B22210A3900C5742A /* AppDelegate.swift */,
				5BACE742222210CF00C5742A /* CancionesGuardadasTableViewController.swift */,
				5BACE74022210C4C00C5742A /* mostrarCancion.swift */,
				5BACE72D22210A3900C5742A /* Principal.swift */,
				5BACE72F22210A3900C5742A /* Main.storyboard */,
				5BACE73522210A3C00C5742A /* Assets.xcassets */,
				5BACE73722210A3C00C5742A /* LaunchScreen.storyboard */,
				5BACE73A22210A3C00C5742A /* Info.plist */,
				5BACE73222210A3900C5742A /* Buscador_de_letras.xcdatamodeld */,
			);
			path = "Buscador de letras";
			sourceTree = "<group>";
		};
/* End PBXGroup section */

/* Begin PBXNativeTarget section */
		5BACE72722210A3900C5742A /* Buscador de letras */ = {
			isa = PBXNativeTarget;
			buildConfigurationList = 5BACE73D22210A3C00C5742A /* Build configuration list for PBXNativeTarget "Buscador de letras" */;
			buildPhases = (
				5BACE72422210A3900C5742A /* Sources */,
				5BACE72522210A3900C5742A /* Frameworks */,
				5BACE72622210A3900C5742A /* Resources */,
			);
			buildRules = (
			);
			dependencies = (
			);
			name = "Buscador de letras";
			productName = "Buscador de letras";
			productReference = 5BACE72822210A3900C5742A /* Buscador de letras.app */;
			productType = "com.apple.product-type.application";
		};
/* End PBXNativeTarget section */

/* Begin PBXProject section */
		5BACE72022210A3900C5742A /* Project object */ = {
			isa = PBXProject;
			attributes = {
				LastSwiftUpdateCheck = 1010;
				LastUpgradeCheck = 1010;
				ORGANIZATIONNAME = "Angel Olvera";
				TargetAttributes = {
					5BACE72722210A3900C5742A = {
						CreatedOnToolsVersion = 10.1;
					};
				};
			};
			buildConfigurationList = 5BACE72322210A3900C5742A /* Build configuration list for PBXProject "Buscador de letras" */;
			compatibilityVersion = "Xcode 9.3";
			developmentRegion = en;
			hasScannedForEncodings = 0;
			knownRegions = (
				en,
				Base,
			);
			mainGroup = 5BACE71F22210A3900C5742A;
			productRefGroup = 5BACE72922210A3900C5742A /* Products */;
			projectDirPath = "";
			projectRoot = "";
			targets = (
				5BACE72722210A3900C5742A /* Buscador de letras */,
			);
		};
/* End PBXProject section */

/* Begin PBXResourcesBuildPhase section */
		5BACE72622210A3900C5742A /* Resources */ = {
			isa = PBXResourcesBuildPhase;
			buildActionMask = 2147483647;
			files = (
				5BACE73922210A3C00C5742A /* LaunchScreen.storyboard in Resources */,
				5BACE73622210A3C00C5742A /* Assets.xcassets in Resources */,
				5BACE73122210A3900C5742A /* Main.storyboard in Resources */,
			);
			runOnlyForDeploymentPostprocessing = 0;
		};
/* End PBXResourcesBuildPhase section */

/* Begin PBXSourcesBuildPhase section */
		5BACE72422210A3900C5742A /* Sources */ = {
			isa = PBXSourcesBuildPhase;
			buildActionMask = 2147483647;
			files = (
				5BACE743222210CF00C5742A /* CancionesGuardadasTableViewController.swift in Sources */,
				5BACE72E22210A3900C5742A /* Principal.swift in Sources */,
				5BACE72C22210A3900C5742A /* AppDelegate.swift in Sources */,
				5BACE74122210C4D00C5742A /* mostrarCancion.swift in Sources */,
				5BACE73422210A3900C5742A /* Buscador_de_letras.xcdatamodeld in Sources */,
			);
			runOnlyForDeploymentPostprocessing = 0;
		};
/* End PBXSourcesBuildPhase section */

/* Begin PBXVariantGroup section */
		5BACE72F22210A3900C5742A /* Main.storyboard */ = {
			isa = PBXVariantGroup;
			children = (
				5BACE73022210A3900C5742A /* Base */,
			);
			name = Main.storyboard;
			sourceTree = "<group>";
		};
		5BACE73722210A3C00C5742A /* LaunchScreen.storyboard */ = {
			isa = PBXVariantGroup;
			children = (
				5BACE73822210A3C00C5742A /* Base */,
			);
			name = LaunchScreen.storyboard;
			sourceTree = "<group>";
		};
/* End PBXVariantGroup section */

/* Begin XCBuildConfiguration section */
		5BACE73B22210A3C00C5742A /* Debug */ = {
			isa = XCBuildConfiguration;
			buildSettings = {
				ALWAYS_SEARCH_USER_PATHS = NO;
				CLANG_ANALYZER_NONNULL = YES;
				CLANG_ANALYZER_NUMBER_OBJECT_CONVERSION = YES_AGGRESSIVE;
				CLANG_CXX_LANGUAGE_STANDARD = "gnu++14";
				CLANG_CXX_LIBRARY = "libc++";
				CLANG_ENABLE_MODULES = YES;
				CLANG_ENABLE_OBJC_ARC = YES;
				CLANG_ENABLE_OBJC_WEAK = YES;
				CLANG_WARN_BLOCK_CAPTURE_AUTORELEASING = YES;
				CLANG_WARN_BOOL_CONVERSION = YES;
				CLANG_WARN_COMMA = YES;
				CLANG_WARN_CONSTANT_CONVERSION = YES;
				CLANG_WARN_DEPRECATED_OBJC_IMPLEMENTATIONS = YES;
				CLANG_WARN_DIRECT_OBJC_ISA_USAGE = YES_ERROR;
				CLANG_WARN_DOCUMENTATION_COMMENTS = YES;
				CLANG_WARN_EMPTY_BODY = YES;
				CLANG_WARN_ENUM_CONVERSION = YES;
				CLANG_WARN_INFINITE_RECURSION = YES;
				CLANG_WARN_INT_CONVERSION = YES;
				CLANG_WARN_NON_LITERAL_NULL_CONVERSION = YES;
				CLANG_WARN_OBJC_IMPLICIT_RETAIN_SELF = YES;
				CLANG_WARN_OBJC_LITERAL_CONVERSION = YES;
				CLANG_WARN_OBJC_ROOT_CLASS = YES_ERROR;
				CLANG_WARN_RANGE_LOOP_ANALYSIS = YES;
				CLANG_WARN_STRICT_PROTOTYPES = YES;
				CLANG_WARN_SUSPICIOUS_MOVE = YES;
				CLANG_WARN_UNGUARDED_AVAILABILITY = YES_AGGRESSIVE;
				CLANG_WARN_UNREACHABLE_CODE = YES;
				CLANG_WARN__DUPLICATE_METHOD_MATCH = YES;
				CODE_SIGN_IDENTITY = "iPhone Developer";
				COPY_PHASE_STRIP = NO;
				DEBUG_INFORMATION_FORMAT = dwarf;
				ENABLE_STRICT_OBJC_MSGSEND = YES;
				ENABLE_TESTABILITY = YES;
				GCC_C_LANGUAGE_STANDARD = gnu11;
				GCC_DYNAMIC_NO_PIC = NO;
				GCC_NO_COMMON_BLOCKS = YES;
				GCC_OPTIMIZATION_LEVEL = 0;
				GCC_PREPROCESSOR_DEFINITIONS = (
					"DEBUG=1",
					"$(inherited)",
				);
				GCC_WARN_64_TO_32_BIT_CONVERSION = YES;
				GCC_WARN_ABOUT_RETURN_TYPE = YES_ERROR;
				GCC_WARN_UNDECLARED_SELECTOR = YES;
				GCC_WARN_UNINITIALIZED_AUTOS = YES_AGGRESSIVE;
				GCC_WARN_UNUSED_FUNCTION = YES;
				GCC_WARN_UNUSED_VARIABLE = YES;
				IPHONEOS_DEPLOYMENT_TARGET = 12.1;
				MTL_ENABLE_DEBUG_INFO = INCLUDE_SOURCE;
				MTL_FAST_MATH = YES;
				ONLY_ACTIVE_ARCH = YES;
				SDKROOT = iphoneos;
				SWIFT_ACTIVE_COMPILATION_CONDITIONS = DEBUG;
				SWIFT_OPTIMIZATION_LEVEL = "-Onone";
			};
			name = Debug;
		};
		5BACE73C22210A3C00C5742A /* Release */ = {
			isa = XCBuildConfiguration;
			buildSettings = {
				ALWAYS_SEARCH_USER_PATHS = NO;
				CLANG_ANALYZER_NONNULL = YES;
				CLANG_ANALYZER_NUMBER_OBJECT_CONVERSION = YES_AGGRESSIVE;
				CLANG_CXX_LANGUAGE_STANDARD = "gnu++14";
				CLANG_CXX_LIBRARY = "libc++";
				CLANG_ENABLE_MODULES = YES;
				CLANG_ENABLE_OBJC_ARC = YES;
				CLANG_ENABLE_OBJC_WEAK = YES;
				CLANG_WARN_BLOCK_CAPTURE_AUTORELEASING = YES;
				CLANG_WARN_BOOL_CONVERSION = YES;
				CLANG_WARN_COMMA = YES;
				CLANG_WARN_CONSTANT_CONVERSION = YES;
				CLANG_WARN_DEPRECATED_OBJC_IMPLEMENTATIONS = YES;
				CLANG_WARN_DIRECT_OBJC_ISA_USAGE = YES_ERROR;
				CLANG_WARN_DOCUMENTATION_COMMENTS = YES;
				CLANG_WARN_EMPTY_BODY = YES;
				CLANG_WARN_ENUM_CONVERSION = YES;
				CLANG_WARN_INFINITE_RECURSION = YES;
				CLANG_WARN_INT_CONVERSION = YES;
				CLANG_WARN_NON_LITERAL_NULL_CONVERSION = YES;
				CLANG_WARN_OBJC_IMPLICIT_RETAIN_SELF = YES;
				CLANG_WARN_OBJC_LITERAL_CONVERSION = YES;
				CLANG_WARN_OBJC_ROOT_CLASS = YES_ERROR;
				CLANG_WARN_RANGE_LOOP_ANALYSIS = YES;
				CLANG_WARN_STRICT_PROTOTYPES = YES;
				CLANG_WARN_SUSPICIOUS_MOVE = YES;
				CLANG_WARN_UNGUARDED_AVAILABILITY = YES_AGGRESSIVE;
				CLANG_WARN_UNREACHABLE_CODE = YES;
				CLANG_WARN__DUPLICATE_METHOD_MATCH = YES;
				CODE_SIGN_IDENTITY = "iPhone Developer";
				COPY_PHASE_STRIP = NO;
				DEBUG_INFORMATION_FORMAT = "dwarf-with-dsym";
				ENABLE_NS_ASSERTIONS = NO;
				ENABLE_STRICT_OBJC_MSGSEND = YES;
				GCC_C_LANGUAGE_STANDARD = gnu11;
				GCC_NO_COMMON_BLOCKS = YES;
				GCC_WARN_64_TO_32_BIT_CONVERSION = YES;
				GCC_WARN_ABOUT_RETURN_TYPE = YES_ERROR;
				GCC_WARN_UNDECLARED_SELECTOR = YES;
				GCC_WARN_UNINITIALIZED_AUTOS = YES_AGGRESSIVE;
				GCC_WARN_UNUSED_FUNCTION = YES;
				GCC_WARN_UNUSED_VARIABLE = YES;
				IPHONEOS_DEPLOYMENT_TARGET = 12.1;
				MTL_ENABLE_DEBUG_INFO = NO;
				MTL_FAST_MATH = YES;
				SDKROOT = iphoneos;
				SWIFT_COMPILATION_MODE = wholemodule;
				SWIFT_OPTIMIZATION_LEVEL = "-O";
				VALIDATE_PRODUCT = YES;
			};
			name = Release;
		};
		5BACE73E22210A3C00C5742A /* Debug */ = {
			isa = XCBuildConfiguration;
			buildSettings = {
				ASSETCATALOG_COMPILER_APPICON_NAME = AppIcon;
				CODE_SIGN_STYLE = Automatic;
				DEVELOPMENT_TEAM = QSVNAXXAAU;
				INFOPLIST_FILE = "Buscador de letras/Info.plist";
				LD_RUNPATH_SEARCH_PATHS = (
					"$(inherited)",
					"@executable_path/Frameworks",
				);
				PRODUCT_BUNDLE_IDENTIFIER = "obed.olvera.Buscador-de-letras";
				PRODUCT_NAME = "$(TARGET_NAME)";
				SWIFT_VERSION = 4.2;
				TARGETED_DEVICE_FAMILY = "1,2";
			};
			name = Debug;
		};
		5BACE73F22210A3C00C5742A /* Release */ = {
			isa = XCBuildConfiguration;
			buildSettings = {
				ASSETCATALOG_COMPILER_APPICON_NAME = AppIcon;
				CODE_SIGN_STYLE = Automatic;
				DEVELOPMENT_TEAM = QSVNAXXAAU;
				INFOPLIST_FILE = "Buscador de letras/Info.plist";
				LD_RUNPATH_SEARCH_PATHS = (
					"$(inherited)",
					"@executable_path/Frameworks",
				);
				PRODUCT_BUNDLE_IDENTIFIER = "obed.olvera.Buscador-de-letras";
				PRODUCT_NAME = "$(TARGET_NAME)";
				SWIFT_VERSION = 4.2;
				TARGETED_DEVICE_FAMILY = "1,2";
			};
			name = Release;
		};
/* End XCBuildConfiguration section */

/* Begin XCConfigurationList section */
		5BACE72322210A3900C5742A /* Build configuration list for PBXProject "Buscador de letras" */ = {
			isa = XCConfigurationList;
			buildConfigurations = (
				5BACE73B22210A3C00C5742A /* Debug */,
				5BACE73C22210A3C00C5742A /* Release */,
			);
			defaultConfigurationIsVisible = 0;
			defaultConfigurationName = Release;
		};
		5BACE73D22210A3C00C5742A /* Build configuration list for PBXNativeTarget "Buscador de letras" */ = {
			isa = XCConfigurationList;
			buildConfigurations = (
				5BACE73E22210A3C00C5742A /* Debug */,
				5BACE73F22210A3C00C5742A /* Release */,
			);
			defaultConfigurationIsVisible = 0;
			defaultConfigurationName = Release;
		};
/* End XCConfigurationList section */

/* Begin XCVersionGroup section */
		5BACE73222210A3900C5742A /* Buscador_de_letras.xcdatamodeld */ = {
			isa = XCVersionGroup;
			children = (
				5BACE73322210A3900C5742A /* Buscador_de_letras.xcdatamodel */,
			);
			currentVersion = 5BACE73322210A3900C5742A /* Buscador_de_letras.xcdatamodel */;
			path = Buscador_de_letras.xcdatamodeld;
			sourceTree = "<group>";
			versionGroupType = wrapper.xcdatamodel;
		};
/* End XCVersionGroup section */
	};
	rootObject = 5BACE72022210A3900C5742A /* Project object */;
}
